{
  "name": "MarginGuard-AI",
  "lockfileVersion": 3,
  "requires": true,
  "packages": {
    "": {
      "dependencies": {
        "dec": "^0.0.1"
      }
    },
    "node_modules/dec": {
      "version": "0.0.1",
      "resolved": "https://registry.npmjs.org/dec/-/dec-0.0.1.tgz",
      "integrity": "sha512-EkMXhJrpX6LFWRtchsQ0vuzYFWAL4xfvzYc0eBZUr4xm2q6RwHeqhqJbYxQfVO1tEZ8VNxxjJKbbkwhAsbIHOA==",
      "license": "MIT"
    }
  }
}
